// !$*UTF8*$!
{
	archiveVersion = 1;
	classes = {
	};
	objectVersion = 55;
	objects = {

/* Begin PBXBuildFile section */
		1819BF81276D43A000F58B81 /* AppDelegate.swift in Sources */ = {isa = PBXBuildFile; fileRef = 1819BF80276D43A000F58B81 /* AppDelegate.swift */; };
		1819BF83276D43A000F58B81 /* SceneDelegate.swift in Sources */ = {isa = PBXBuildFile; fileRef = 1819BF82276D43A000F58B81 /* SceneDelegate.swift */; };
		1819BF85276D43A000F58B81 /* ViewController.swift in Sources */ = {isa = PBXBuildFile; fileRef = 1819BF84276D43A000F58B81 /* ViewController.swift */; };
		1819BF88276D43A000F58B81 /* Main.storyboard in Resources */ = {isa = PBXBuildFile; fileRef = 1819BF86276D43A000F58B81 /* Main.storyboard */; };
		1819BF8A276D43A600F58B81 /* Assets.xcassets in Resources */ = {isa = PBXBuildFile; fileRef = 1819BF89276D43A600F58B81 /* Assets.xcassets */; };
		1819BF8D276D43A600F58B81 /* LaunchScreen.storyboard in Resources */ = {isa = PBXBuildFile; fileRef = 1819BF8B276D43A600F58B81 /* LaunchScreen.storyboard */; };
		1819BF98276D43A600F58B81 /* tableview_custom_iosTests.swift in Sources */ = {isa = PBXBuildFile; fileRef = 1819BF97276D43A600F58B81 /* tableview_custom_iosTests.swift */; };
		1819BFA2276D43A600F58B81 /* tableview_custom_iosUITests.swift in Sources */ = {isa = PBXBuildFile; fileRef = 1819BFA1276D43A600F58B81 /* tableview_custom_iosUITests.swift */; };
		1819BFA4276D43A600F58B81 /* tableview_custom_iosUITestsLaunchTests.swift in Sources */ = {isa = PBXBuildFile; fileRef = 1819BFA3276D43A600F58B81 /* tableview_custom_iosUITestsLaunchTests.swift */; };
		1819BFB2276D45E000F58B81 /* ImageTableViewCell.swift in Sources */ = {isa = PBXBuildFile; fileRef = 1819BFB0276D45E000F58B81 /* ImageTableViewCell.swift */; };
		1819BFB3276D45E000F58B81 /* ImageTableViewCell.xib in Resources */ = {isa = PBXBuildFile; fileRef = 1819BFB1276D45E000F58B81 /* ImageTableViewCell.xib */; };
		1819BFB5276D51B200F58B81 /* DataModel.swift in Sources */ = {isa = PBXBuildFile; fileRef = 1819BFB4276D51B200F58B81 /* DataModel.swift */; };
		188B27C4276E170700AB75C4 /* SimpleTableViewCell.swift in Sources */ = {isa = PBXBuildFile; fileRef = 188B27C2276E170700AB75C4 /* SimpleTableViewCell.swift */; };
		188B27C5276E170700AB75C4 /* SimpleTableViewCell.xib in Resources */ = {isa = PBXBuildFile; fileRef = 188B27C3276E170700AB75C4 /* SimpleTableViewCell.xib */; };
/* End PBXBuildFile section */

/* Begin PBXContainerItemProxy section */
		1819BF94276D43A600F58B81 /* PBXContainerItemProxy */ = {
			isa = PBXContainerItemProxy;
			containerPortal = 1819BF75276D43A000F58B81 /* Project object */;
			proxyType = 1;
			remoteGlobalIDString = 1819BF7C276D43A000F58B81;
			remoteInfo = "tableview-custom-ios";
		};
		1819BF9E276D43A600F58B81 /* PBXContainerItemProxy */ = {
			isa = PBXContainerItemProxy;
			containerPortal = 1819BF75276D43A000F58B81 /* Project object */;
			proxyType = 1;
			remoteGlobalIDString = 1819BF7C276D43A000F58B81;
			remoteInfo = "tableview-custom-ios";
		};
/* End PBXContainerItemProxy section */

/* Begin PBXFileReference section */
		1819BF7D276D43A000F58B81 /* tableview-custom-ios.app */ = {isa = PBXFileReference; explicitFileType = wrapper.application; includeInIndex = 0; path = "tableview-custom-ios.app"; sourceTree = BUILT_PRODUCTS_DIR; };
		1819BF80276D43A000F58B81 /* AppDelegate.swift */ = {isa = PBXFileReference; lastKnownFileType = sourcecode.swift; path = AppDelegate.swift; sourceTree = "<group>"; };
		1819BF82276D43A000F58B81 /* SceneDelegate.swift */ = {isa = PBXFileReference; lastKnownFileType = sourcecode.swift; path = SceneDelegate.swift; sourceTree = "<group>"; };
		1819BF84276D43A000F58B81 /* ViewController.swift */ = {isa = PBXFileReference; lastKnownFileType = sourcecode.swift; path = ViewController.swift; sourceTree = "<group>"; };
		1819BF87276D43A000F58B81 /* Base */ = {isa = PBXFileReference; lastKnownFileType = file.storyboard; name = Base; path = Base.lproj/Main.storyboard; sourceTree = "<group>"; };
		1819BF89276D43A600F58B81 /* Assets.xcassets */ = {isa = PBXFileReference; lastKnownFileType = folder.assetcatalog; path = Assets.xcassets; sourceTree = "<group>"; };
		1819BF8C276D43A600F58B81 /* Base */ = {isa = PBXFileReference; lastKnownFileType = file.storyboard; name = Base; path = Base.lproj/LaunchScreen.storyboard; sourceTree = "<group>"; };
		1819BF8E276D43A600F58B81 /* Info.plist */ = {isa = PBXFileReference; lastKnownFileType = text.plist.xml; path = Info.plist; sourceTree = "<group>"; };
		1819BF93276D43A600F58B81 /* tableview-custom-iosTests.xctest */ = {isa = PBXFileReference; explicitFileType = wrapper.cfbundle; includeInIndex = 0; path = "tableview-custom-iosTests.xctest"; sourceTree = BUILT_PRODUCTS_DIR; };
		1819BF97276D43A600F58B81 /* tableview_custom_iosTests.swift */ = {isa = PBXFileReference; lastKnownFileType = sourcecode.swift; path = tableview_custom_iosTests.swift; sourceTree = "<group>"; };
		1819BF9D276D43A600F58B81 /* tableview-custom-iosUITests.xctest */ = {isa = PBXFileReference; explicitFileType = wrapper.cfbundle; includeInIndex = 0; path = "tableview-custom-iosUITests.xctest"; sourceTree = BUILT_PRODUCTS_DIR; };
		1819BFA1276D43A600F58B81 /* tableview_custom_iosUITests.swift */ = {isa = PBXFileReference; lastKnownFileType = sourcecode.swift; path = tableview_custom_iosUITests.swift; sourceTree = "<group>"; };
		1819BFA3276D43A600F58B81 /* tableview_custom_iosUITestsLaunchTests.swift */ = {isa = PBXFileReference; lastKnownFileType = sourcecode.swift; path = tableview_custom_iosUITestsLaunchTests.swift; sourceTree = "<group>"; };
		1819BFB0276D45E000F58B81 /* ImageTableViewCell.swift */ = {isa = PBXFileReference; lastKnownFileType = sourcecode.swift; path = ImageTableViewCell.swift; sourceTree = "<group>"; };
		1819BFB1276D45E000F58B81 /* ImageTableViewCell.xib */ = {isa = PBXFileReference; lastKnownFileType = file.xib; path = ImageTableViewCell.xib; sourceTree = "<group>"; };
		1819BFB4276D51B200F58B81 /* DataModel.swift */ = {isa = PBXFileReference; lastKnownFileType = sourcecode.swift; path = DataModel.swift; sourceTree = "<group>"; };
		188B27C2276E170700AB75C4 /* SimpleTableViewCell.swift */ = {isa = PBXFileReference; lastKnownFileType = sourcecode.swift; path = SimpleTableViewCell.swift; sourceTree = "<group>"; };
		188B27C3276E170700AB75C4 /* SimpleTableViewCell.xib */ = {isa = PBXFileReference; lastKnownFileType = file.xib; path = SimpleTableViewCell.xib; sourceTree = "<group>"; };
/* End PBXFileReference section */

/* Begin PBXFrameworksBuildPhase section */
		1819BF7A276D43A000F58B81 /* Frameworks */ = {
			isa = PBXFrameworksBuildPhase;
			buildActionMask = 2147483647;
			files = (
			);
			runOnlyForDeploymentPostprocessing = 0;
		};
		1819BF90276D43A600F58B81 /* Frameworks */ = {
			isa = PBXFrameworksBuildPhase;
			buildActionMask = 2147483647;
			files = (
			);
			runOnlyForDeploymentPostprocessing = 0;
		};
		1819BF9A276D43A600F58B81 /* Frameworks */ = {
			isa = PBXFrameworksBuildPhase;
			buildActionMask = 2147483647;
			files = (
			);
			runOnlyForDeploymentPostprocessing = 0;
		};
/* End PBXFrameworksBuildPhase section */

/* Begin PBXGroup section */
		1819BF74276D43A000F58B81 = {
			isa = PBXGroup;
			children = (
				1819BF7F276D43A000F58B81 /* tableview-custom-ios */,
				1819BF96276D43A600F58B81 /* tableview-custom-iosTests */,
				1819BFA0276D43A600F58B81 /* tableview-custom-iosUITests */,
				1819BF7E276D43A000F58B81 /* Products */,
			);
			sourceTree = "<group>";
		};
		1819BF7E276D43A000F58B81 /* Products */ = {
			isa = PBXGroup;
			children = (
				1819BF7D276D43A000F58B81 /* tableview-custom-ios.app */,
				1819BF93276D43A600F58B81 /* tableview-custom-iosTests.xctest */,
				1819BF9D276D43A600F58B81 /* tableview-custom-iosUITests.xctest */,
			);
			name = Products;
			sourceTree = "<group>";
		};
		1819BF7F276D43A000F58B81 /* tableview-custom-ios */ = {
			isa = PBXGroup;
			children = (
				1819BF80276D43A000F58B81 /* AppDelegate.swift */,
				1819BF82276D43A000F58B81 /* SceneDelegate.swift */,
				1819BF84276D43A000F58B81 /* ViewController.swift */,
				1819BFB4276D51B200F58B81 /* DataModel.swift */,
				1819BFB0276D45E000F58B81 /* ImageTableViewCell.swift */,
				188B27C2276E170700AB75C4 /* SimpleTableViewCell.swift */,
				188B27C3276E170700AB75C4 /* SimpleTableViewCell.xib */,
				1819BFB1276D45E000F58B81 /* ImageTableViewCell.xib */,
				1819BF86276D43A000F58B81 /* Main.storyboard */,
				1819BF89276D43A600F58B81 /* Assets.xcassets */,
				1819BF8B276D43A600F58B81 /* LaunchScreen.storyboard */,
				1819BF8E276D43A600F58B81 /* Info.plist */,
			);
			path = "tableview-custom-ios";
			sourceTree = "<group>";
		};
		1819BF96276D43A600F58B81 /* tableview-custom-iosTests */ = {
			isa = PBXGroup;
			children = (
				1819BF97276D43A600F58B81 /* tableview_custom_iosTests.swift */,
			);
			path = "tableview-custom-iosTests";
			sourceTree = "<group>";
		};
		1819BFA0276D43A600F58B81 /* tableview-custom-iosUITests */ = {
			isa = PBXGroup;
			children = (
				1819BFA1276D43A600F58B81 /* tableview_custom_iosUITests.swift */,
				1819BFA3276D43A600F58B81 /* tableview_custom_iosUITestsLaunchTests.swift */,
			);
			path = "tableview-custom-iosUITests";
			sourceTree = "<group>";
		};
/* End PBXGroup section */

/* Begin PBXNativeTarget section */
		1819BF7C276D43A000F58B81 /* tableview-custom-ios */ = {
			isa = PBXNativeTarget;
			buildConfigurationList = 1819BFA7276D43A600F58B81 /* Build configuration list for PBXNativeTarget "tableview-custom-ios" */;
			buildPhases = (
				1819BF79276D43A000F58B81 /* Sources */,
				1819BF7A276D43A000F58B81 /* Frameworks */,
				1819BF7B276D43A000F58B81 /* Resources */,
			);
			buildRules = (
			);
			dependencies = (
			);
			name = "tableview-custom-ios";
			productName = "tableview-custom-ios";
			productReference = 1819BF7D276D43A000F58B81 /* tableview-custom-ios.app */;
			productType = "com.apple.product-type.application";
		};
		1819BF92276D43A600F58B81 /* tableview-custom-iosTests */ = {
			isa = PBXNativeTarget;
			buildConfigurationList = 1819BFAA276D43A600F58B81 /* Build configuration list for PBXNativeTarget "tableview-custom-iosTests" */;
			buildPhases = (
				1819BF8F276D43A600F58B81 /* Sources */,
				1819BF90276D43A600F58B81 /* Frameworks */,
				1819BF91276D43A600F58B81 /* Resources */,
			);
			buildRules = (
			);
			dependencies = (
				1819BF95276D43A600F58B81 /* PBXTargetDependency */,
			);
			name = "tableview-custom-iosTests";
			productName = "tableview-custom-iosTests";
			productReference = 1819BF93276D43A600F58B81 /* tableview-custom-iosTests.xctest */;
			productType = "com.apple.product-type.bundle.unit-test";
		};
		1819BF9C276D43A600F58B81 /* tableview-custom-iosUITests */ = {
			isa = PBXNativeTarget;
			buildConfigurationList = 1819BFAD276D43A600F58B81 /* Build configuration list for PBXNativeTarget "tableview-custom-iosUITests" */;
			buildPhases = (
				1819BF99276D43A600F58B81 /* Sources */,
				1819BF9A276D43A600F58B81 /* Frameworks */,
				1819BF9B276D43A600F58B81 /* Resources */,
			);
			buildRules = (
			);
			dependencies = (
				1819BF9F276D43A600F58B81 /* PBXTargetDependency */,
			);
			name = "tableview-custom-iosUITests";
			productName = "tableview-custom-iosUITests";
			productReference = 1819BF9D276D43A600F58B81 /* tableview-custom-iosUITests.xctest */;
			productType = "com.apple.product-type.bundle.ui-testing";
		};
/* End PBXNativeTarget section */

/* Begin PBXProject section */
		1819BF75276D43A000F58B81 /* Project object */ = {
			isa = PBXProject;
			attributes = {
				BuildIndependentTargetsInParallel = 1;
				LastSwiftUpdateCheck = 1310;
				LastUpgradeCheck = 1310;
				TargetAttributes = {
					1819BF7C276D43A000F58B81 = {
						CreatedOnToolsVersion = 13.1;
					};
					1819BF92276D43A600F58B81 = {
						CreatedOnToolsVersion = 13.1;
						TestTargetID = 1819BF7C276D43A000F58B81;
					};
					1819BF9C276D43A600F58B81 = {
						CreatedOnToolsVersion = 13.1;
						TestTargetID = 1819BF7C276D43A000F58B81;
					};
				};
			};
			buildConfigurationList = 1819BF78276D43A000F58B81 /* Build configuration list for PBXProject "tableview-custom-ios" */;
			compatibilityVersion = "Xcode 13.0";
			developmentRegion = en;
			hasScannedForEncodings = 0;
			knownRegions = (
				en,
				Base,
			);
			mainGroup = 1819BF74276D43A000F58B81;
			productRefGroup = 1819BF7E276D43A000F58B81 /* Products */;
			projectDirPath = "";
			projectRoot = "";
			targets = (
				1819BF7C276D43A000F58B81 /* tableview-custom-ios */,
				1819BF92276D43A600F58B81 /* tableview-custom-iosTests */,
				1819BF9C276D43A600F58B81 /* tableview-custom-iosUITests */,
			);
		};
/* End PBXProject section */

/* Begin PBXResourcesBuildPhase section */
		1819BF7B276D43A000F58B81 /* Resources */ = {
			isa = PBXResourcesBuildPhase;
			buildActionMask = 2147483647;
			files = (
				1819BF8D276D43A600F58B81 /* LaunchScreen.storyboard in Resources */,
				188B27C5276E170700AB75C4 /* SimpleTableViewCell.xib in Resources */,
				1819BFB3276D45E000F58B81 /* ImageTableViewCell.xib in Resources */,
				1819BF8A276D43A600F58B81 /* Assets.xcassets in Resources */,
				1819BF88276D43A000F58B81 /* Main.storyboard in Resources */,
			);
			runOnlyForDeploymentPostprocessing = 0;
		};
		1819BF91276D43A600F58B81 /* Resources */ = {
			isa = PBXResourcesBuildPhase;
			buildActionMask = 2147483647;
			files = (
			);
			runOnlyForDeploymentPostprocessing = 0;
		};
		1819BF9B276D43A600F58B81 /* Resources */ = {
			isa = PBXResourcesBuildPhase;
			buildActionMask = 2147483647;
			files = (
			);
			runOnlyForDeploymentPostprocessing = 0;
		};
/* End PBXResourcesBuildPhase section */

/* Begin PBXSourcesBuildPhase section */
		1819BF79276D43A000F58B81 /* Sources */ = {
			isa = PBXSourcesBuildPhase;
			buildActionMask = 2147483647;
			files = (
				1819BFB5276D51B200F58B81 /* DataModel.swift in Sources */,
				1819BF85276D43A000F58B81 /* ViewController.swift in Sources */,
				1819BFB2276D45E000F58B81 /* ImageTableViewCell.swift in Sources */,
				188B27C4276E170700AB75C4 /* SimpleTableViewCell.swift in Sources */,
				1819BF81276D43A000F58B81 /* AppDelegate.swift in Sources */,
				1819BF83276D43A000F58B81 /* SceneDelegate.swift in Sources */,
			);
			runOnlyForDeploymentPostprocessing = 0;
		};
		1819BF8F276D43A600F58B81 /* Sources */ = {
			isa = PBXSourcesBuildPhase;
			buildActionMask = 2147483647;
			files = (
				1819BF98276D43A600F58B81 /* tableview_custom_iosTests.swift in Sources */,
			);
			runOnlyForDeploymentPostprocessing = 0;
		};
		1819BF99276D43A600F58B81 /* Sources */ = {
			isa = PBXSourcesBuildPhase;
			buildActionMask = 2147483647;
			files = (
				1819BFA2276D43A600F58B81 /* tableview_custom_iosUITests.swift in Sources */,
				1819BFA4276D43A600F58B81 /* tableview_custom_iosUITestsLaunchTests.swift in Sources */,
			);
			runOnlyForDeploymentPostprocessing = 0;
		};
/* End PBXSourcesBuildPhase section */

/* Begin PBXTargetDependency section */
		1819BF95276D43A600F58B81 /* PBXTargetDependency */ = {
			isa = PBXTargetDependency;
			target = 1819BF7C276D43A000F58B81 /* tableview-custom-ios */;
			targetProxy = 1819BF94276D43A600F58B81 /* PBXContainerItemProxy */;
		};
		1819BF9F276D43A600F58B81 /* PBXTargetDependency */ = {
			isa = PBXTargetDependency;
			target = 1819BF7C276D43A000F58B81 /* tableview-custom-ios */;
			targetProxy = 1819BF9E276D43A600F58B81 /* PBXContainerItemProxy */;
		};
/* End PBXTargetDependency section */

/* Begin PBXVariantGroup section */
		1819BF86276D43A000F58B81 /* Main.storyboard */ = {
			isa = PBXVariantGroup;
			children = (
				1819BF87276D43A000F58B81 /* Base */,
			);
			name = Main.storyboard;
			sourceTree = "<group>";
		};
		1819BF8B276D43A600F58B81 /* LaunchScreen.storyboard */ = {
			isa = PBXVariantGroup;
			children = (
				1819BF8C276D43A600F58B81 /* Base */,
			);
			name = LaunchScreen.storyboard;
			sourceTree = "<group>";
		};
/* End PBXVariantGroup section */

/* Begin XCBuildConfiguration section */
		1819BFA5276D43A600F58B81 /* Debug */ = {
			isa = XCBuildConfiguration;
			buildSettings = {
				ALWAYS_SEARCH_USER_PATHS = NO;
				CLANG_ANALYZER_NONNULL = YES;
				CLANG_ANALYZER_NUMBER_OBJECT_CONVERSION = YES_AGGRESSIVE;
				CLANG_CXX_LANGUAGE_STANDARD = "gnu++17";
				CLANG_CXX_LIBRARY = "libc++";
				CLANG_ENABLE_MODULES = YES;
				CLANG_ENABLE_OBJC_ARC = YES;
				CLANG_ENABLE_OBJC_WEAK = YES;
				CLANG_WARN_BLOCK_CAPTURE_AUTORELEASING = YES;
				CLANG_WARN_BOOL_CONVERSION = YES;
				CLANG_WARN_COMMA = YES;
				CLANG_WARN_CONSTANT_CONVERSION = YES;
				CLANG_WARN_DEPRECATED_OBJC_IMPLEMENTATIONS = YES;
				CLANG_WARN_DIRECT_OBJC_ISA_USAGE = YES_ERROR;
				CLANG_WARN_DOCUMENTATION_COMMENTS = YES;
				CLANG_WARN_EMPTY_BODY = YES;
				CLANG_WARN_ENUM_CONVERSION = YES;
				CLANG_WARN_INFINITE_RECURSION = YES;
				CLANG_WARN_INT_CONVERSION = YES;
				CLANG_WARN_NON_LITERAL_NULL_CONVERSION = YES;
				CLANG_WARN_OBJC_IMPLICIT_RETAIN_SELF = YES;
				CLANG_WARN_OBJC_LITERAL_CONVERSION = YES;
				CLANG_WARN_OBJC_ROOT_CLASS = YES_ERROR;
				CLANG_WARN_QUOTED_INCLUDE_IN_FRAMEWORK_HEADER = YES;
				CLANG_WARN_RANGE_LOOP_ANALYSIS = YES;
				CLANG_WARN_STRICT_PROTOTYPES = YES;
				CLANG_WARN_SUSPICIOUS_MOVE = YES;
				CLANG_WARN_UNGUARDED_AVAILABILITY = YES_AGGRESSIVE;
				CLANG_WARN_UNREACHABLE_CODE = YES;
				CLANG_WARN__DUPLICATE_METHOD_MATCH = YES;
				COPY_PHASE_STRIP = NO;
				DEBUG_INFORMATION_FORMAT = dwarf;
				ENABLE_STRICT_OBJC_MSGSEND = YES;
				ENABLE_TESTABILITY = YES;
				GCC_C_LANGUAGE_STANDARD = gnu11;
				GCC_DYNAMIC_NO_PIC = NO;
				GCC_NO_COMMON_BLOCKS = YES;
				GCC_OPTIMIZATION_LEVEL = 0;
				GCC_PREPROCESSOR_DEFINITIONS = (
					"DEBUG=1",
					"$(inherited)",
				);
				GCC_WARN_64_TO_32_BIT_CONVERSION = YES;
				GCC_WARN_ABOUT_RETURN_TYPE = YES_ERROR;
				GCC_WARN_UNDECLARED_SELECTOR = YES;
				GCC_WARN_UNINITIALIZED_AUTOS = YES_AGGRESSIVE;
				GCC_WARN_UNUSED_FUNCTION = YES;
				GCC_WARN_UNUSED_VARIABLE = YES;
				IPHONEOS_DEPLOYMENT_TARGET = 15.0;
				MTL_ENABLE_DEBUG_INFO = INCLUDE_SOURCE;
				MTL_FAST_MATH = YES;
				ONLY_ACTIVE_ARCH = YES;
				SDKROOT = iphoneos;
				SWIFT_ACTIVE_COMPILATION_CONDITIONS = DEBUG;
				SWIFT_OPTIMIZATION_LEVEL = "-Onone";
			};
			name = Debug;
		};
		1819BFA6276D43A600F58B81 /* Release */ = {
			isa = XCBuildConfiguration;
			buildSettings = {
				ALWAYS_SEARCH_USER_PATHS = NO;
				CLANG_ANALYZER_NONNULL = YES;
				CLANG_ANALYZER_NUMBER_OBJECT_CONVERSION = YES_AGGRESSIVE;
				CLANG_CXX_LANGUAGE_STANDARD = "gnu++17";
				CLANG_CXX_LIBRARY = "libc++";
				CLANG_ENABLE_MODULES = YES;
				CLANG_ENABLE_OBJC_ARC = YES;
				CLANG_ENABLE_OBJC_WEAK = YES;
				CLANG_WARN_BLOCK_CAPTURE_AUTORELEASING = YES;
				CLANG_WARN_BOOL_CONVERSION = YES;
				CLANG_WARN_COMMA = YES;
				CLANG_WARN_CONSTANT_CONVERSION = YES;
				CLANG_WARN_DEPRECATED_OBJC_IMPLEMENTATIONS = YES;
				CLANG_WARN_DIRECT_OBJC_ISA_USAGE = YES_ERROR;
				CLANG_WARN_DOCUMENTATION_COMMENTS = YES;
				CLANG_WARN_EMPTY_BODY = YES;
				CLANG_WARN_ENUM_CONVERSION = YES;
				CLANG_WARN_INFINITE_RECURSION = YES;
				CLANG_WARN_INT_CONVERSION = YES;
				CLANG_WARN_NON_LITERAL_NULL_CONVERSION = YES;
				CLANG_WARN_OBJC_IMPLICIT_RETAIN_SELF = YES;
				CLANG_WARN_OBJC_LITERAL_CONVERSION = YES;
				CLANG_WARN_OBJC_ROOT_CLASS = YES_ERROR;
				CLANG_WARN_QUOTED_INCLUDE_IN_FRAMEWORK_HEADER = YES;
				CLANG_WARN_RANGE_LOOP_ANALYSIS = YES;
				CLANG_WARN_STRICT_PROTOTYPES = YES;
				CLANG_WARN_SUSPICIOUS_MOVE = YES;
				CLANG_WARN_UNGUARDED_AVAILABILITY = YES_AGGRESSIVE;
				CLANG_WARN_UNREACHABLE_CODE = YES;
				CLANG_WARN__DUPLICATE_METHOD_MATCH = YES;
				COPY_PHASE_STRIP = NO;
				DEBUG_INFORMATION_FORMAT = "dwarf-with-dsym";
				ENABLE_NS_ASSERTIONS = NO;
				ENABLE_STRICT_OBJC_MSGSEND = YES;
				GCC_C_LANGUAGE_STANDARD = gnu11;
				GCC_NO_COMMON_BLOCKS = YES;
				GCC_WARN_64_TO_32_BIT_CONVERSION = YES;
				GCC_WARN_ABOUT_RETURN_TYPE = YES_ERROR;
				GCC_WARN_UNDECLARED_SELECTOR = YES;
				GCC_WARN_UNINITIALIZED_AUTOS = YES_AGGRESSIVE;
				GCC_WARN_UNUSED_FUNCTION = YES;
				GCC_WARN_UNUSED_VARIABLE = YES;
				IPHONEOS_DEPLOYMENT_TARGET = 15.0;
				MTL_ENABLE_DEBUG_INFO = NO;
				MTL_FAST_MATH = YES;
				SDKROOT = iphoneos;
				SWIFT_COMPILATION_MODE = wholemodule;
				SWIFT_OPTIMIZATION_LEVEL = "-O";
				VALIDATE_PRODUCT = YES;
			};
			name = Release;
		};
		1819BFA8276D43A600F58B81 /* Debug */ = {
			isa = XCBuildConfiguration;
			buildSettings = {
				ASSETCATALOG_COMPILER_APPICON_NAME = AppIcon;
				ASSETCATALOG_COMPILER_GLOBAL_ACCENT_COLOR_NAME = AccentColor;
				CODE_SIGN_STYLE = Automatic;
				CURRENT_PROJECT_VERSION = 1;
				DEVELOPMENT_TEAM = WM447Q8GDY;
				GENERATE_INFOPLIST_FILE = YES;
				INFOPLIST_FILE = "tableview-custom-ios/Info.plist";
				INFOPLIST_KEY_UIApplicationSupportsIndirectInputEvents = YES;
				INFOPLIST_KEY_UILaunchStoryboardName = LaunchScreen;
				INFOPLIST_KEY_UIMainStoryboardFile = Main;
				INFOPLIST_KEY_UISupportedInterfaceOrientations_iPad = "UIInterfaceOrientationPortrait UIInterfaceOrientationPortraitUpsideDown UIInterfaceOrientationLandscapeLeft UIInterfaceOrientationLandscapeRight";
				INFOPLIST_KEY_UISupportedInterfaceOrientations_iPhone = "UIInterfaceOrientationPortrait UIInterfaceOrientationLandscapeLeft UIInterfaceOrientationLandscapeRight";
				LD_RUNPATH_SEARCH_PATHS = (
					"$(inherited)",
					"@executable_path/Frameworks",
				);
				MARKETING_VERSION = 1.0;
				PRODUCT_BUNDLE_IDENTIFIER = "com.hantash..tableview-custom-ios";
				PRODUCT_NAME = "$(TARGET_NAME)";
				SWIFT_EMIT_LOC_STRINGS = YES;
				SWIFT_VERSION = 5.0;
				TARGETED_DEVICE_FAMILY = "1,2";
			};
			name = Debug;
		};
		1819BFA9276D43A600F58B81 /* Release */ = {
			isa = XCBuildConfiguration;
			buildSettings = {
				ASSETCATALOG_COMPILER_APPICON_NAME = AppIcon;
				ASSETCATALOG_COMPILER_GLOBAL_ACCENT_COLOR_NAME = AccentColor;
				CODE_SIGN_STYLE = Automatic;
				CURRENT_PROJECT_VERSION = 1;
				DEVELOPMENT_TEAM = WM447Q8GDY;
				GENERATE_INFOPLIST_FILE = YES;
				INFOPLIST_FILE = "tableview-custom-ios/Info.plist";
				INFOPLIST_KEY_UIApplicationSupportsIndirectInputEvents = YES;
				INFOPLIST_KEY_UILaunchStoryboardName = LaunchScreen;
				INFOPLIST_KEY_UIMainStoryboardFile = Main;
				INFOPLIST_KEY_UISupportedInterfaceOrientations_iPad = "UIInterfaceOrientationPortrait UIInterfaceOrientationPortraitUpsideDown UIInterfaceOrientationLandscapeLeft UIInterfaceOrientationLandscapeRight";
				INFOPLIST_KEY_UISupportedInterfaceOrientations_iPhone = "UIInterfaceOrientationPortrait UIInterfaceOrientationLandscapeLeft UIInterfaceOrientationLandscapeRight";
				LD_RUNPATH_SEARCH_PATHS = (
					"$(inherited)",
					"@executable_path/Frameworks",
				);
				MARKETING_VERSION = 1.0;
				PRODUCT_BUNDLE_IDENTIFIER = "com.hantash..tableview-custom-ios";
				PRODUCT_NAME = "$(TARGET_NAME)";
				SWIFT_EMIT_LOC_STRINGS = YES;
				SWIFT_VERSION = 5.0;
				TARGETED_DEVICE_FAMILY = "1,2";
			};
			name = Release;
		};
		1819BFAB276D43A600F58B81 /* Debug */ = {
			isa = XCBuildConfiguration;
			buildSettings = {
				ALWAYS_EMBED_SWIFT_STANDARD_LIBRARIES = YES;
				BUNDLE_LOADER = "$(TEST_HOST)";
				CODE_SIGN_STYLE = Automatic;
				CURRENT_PROJECT_VERSION = 1;
				DEVELOPMENT_TEAM = WM447Q8GDY;
				GENERATE_INFOPLIST_FILE = YES;
				IPHONEOS_DEPLOYMENT_TARGET = 15.0;
				LD_RUNPATH_SEARCH_PATHS = (
					"$(inherited)",
					"@executable_path/Frameworks",
					"@loader_path/Frameworks",
				);
				MARKETING_VERSION = 1.0;
				PRODUCT_BUNDLE_IDENTIFIER = "com.hantash..tableview-custom-iosTests";
				PRODUCT_NAME = "$(TARGET_NAME)";
				SWIFT_EMIT_LOC_STRINGS = NO;
				SWIFT_VERSION = 5.0;
				TARGETED_DEVICE_FAMILY = "1,2";
				TEST_HOST = "$(BUILT_PRODUCTS_DIR)/tableview-custom-ios.app/tableview-custom-ios";
			};
			name = Debug;
		};
		1819BFAC276D43A600F58B81 /* Release */ = {
			isa = XCBuildConfiguration;
			buildSettings = {
				ALWAYS_EMBED_SWIFT_STANDARD_LIBRARIES = YES;
				BUNDLE_LOADER = "$(TEST_HOST)";
				CODE_SIGN_STYLE = Automatic;
				CURRENT_PROJECT_VERSION = 1;
				DEVELOPMENT_TEAM = WM447Q8GDY;
				GENERATE_INFOPLIST_FILE = YES;
				IPHONEOS_DEPLOYMENT_TARGET = 15.0;
				LD_RUNPATH_SEARCH_PATHS = (
					"$(inherited)",
					"@executable_path/Frameworks",
					"@loader_path/Frameworks",
				);
				MARKETING_VERSION = 1.0;
				PRODUCT_BUNDLE_IDENTIFIER = "com.hantash..tableview-custom-iosTests";
				PRODUCT_NAME = "$(TARGET_NAME)";
				SWIFT_EMIT_LOC_STRINGS = NO;
				SWIFT_VERSION = 5.0;
				TARGETED_DEVICE_FAMILY = "1,2";
				TEST_HOST = "$(BUILT_PRODUCTS_DIR)/tableview-custom-ios.app/tableview-custom-ios";
			};
			name = Release;
		};
		1819BFAE276D43A600F58B81 /* Debug */ = {
			isa = XCBuildConfiguration;
			buildSettings = {
				ALWAYS_EMBED_SWIFT_STANDARD_LIBRARIES = YES;
				CODE_SIGN_STYLE = Automatic;
				CURRENT_PROJECT_VERSION = 1;
				DEVELOPMENT_TEAM = WM447Q8GDY;
				GENERATE_INFOPLIST_FILE = YES;
				LD_RUNPATH_SEARCH_PATHS = (
					"$(inherited)",
					"@executable_path/Frameworks",
					"@loader_path/Frameworks",
				);
				MARKETING_VERSION = 1.0;
				PRODUCT_BUNDLE_IDENTIFIER = "com.hantash..tableview-custom-iosUITests";
				PRODUCT_NAME = "$(TARGET_NAME)";
				SWIFT_EMIT_LOC_STRINGS = NO;
				SWIFT_VERSION = 5.0;
				TARGETED_DEVICE_FAMILY = "1,2";
				TEST_TARGET_NAME = "tableview-custom-ios";
			};
			name = Debug;
		};
		1819BFAF276D43A600F58B81 /* Release */ = {
			isa = XCBuildConfiguration;
			buildSettings = {
				ALWAYS_EMBED_SWIFT_STANDARD_LIBRARIES = YES;
				CODE_SIGN_STYLE = Automatic;
				CURRENT_PROJECT_VERSION = 1;
				DEVELOPMENT_TEAM = WM447Q8GDY;
				GENERATE_INFOPLIST_FILE = YES;
				LD_RUNPATH_SEARCH_PATHS = (
					"$(inherited)",
					"@executable_path/Frameworks",
					"@loader_path/Frameworks",
				);
				MARKETING_VERSION = 1.0;
				PRODUCT_BUNDLE_IDENTIFIER = "com.hantash..tableview-custom-iosUITests";
				PRODUCT_NAME = "$(TARGET_NAME)";
				SWIFT_EMIT_LOC_STRINGS = NO;
				SWIFT_VERSION = 5.0;
				TARGETED_DEVICE_FAMILY = "1,2";
				TEST_TARGET_NAME = "tableview-custom-ios";
			};
			name = Release;
		};
/* End XCBuildConfiguration section */

/* Begin XCConfigurationList section */
		1819BF78276D43A000F58B81 /* Build configuration list for PBXProject "tableview-custom-ios" */ = {
			isa = XCConfigurationList;
			buildConfigurations = (
				1819BFA5276D43A600F58B81 /* Debug */,
				1819BFA6276D43A600F58B81 /* Release */,
			);
			defaultConfigurationIsVisible = 0;
			defaultConfigurationName = Release;
		};
		1819BFA7276D43A600F58B81 /* Build configuration list for PBXNativeTarget "tableview-custom-ios" */ = {
			isa = XCConfigurationList;
			buildConfigurations = (
				1819BFA8276D43A600F58B81 /* Debug */,
				1819BFA9276D43A600F58B81 /* Release */,
			);
			defaultConfigurationIsVisible = 0;
			defaultConfigurationName = Release;
		};
		1819BFAA276D43A600F58B81 /* Build configuration list for PBXNativeTarget "tableview-custom-iosTests" */ = {
			isa = XCConfigurationList;
			buildConfigurations = (
				1819BFAB276D43A600F58B81 /* Debug */,
				1819BFAC276D43A600F58B81 /* Release */,
			);
			defaultConfigurationIsVisible = 0;
			defaultConfigurationName = Release;
		};
		1819BFAD276D43A600F58B81 /* Build configuration list for PBXNativeTarget "tableview-custom-iosUITests" */ = {
			isa = XCConfigurationList;
			buildConfigurations = (
				1819BFAE276D43A600F58B81 /* Debug */,
				1819BFAF276D43A600F58B81 /* Release */,
			);
			defaultConfigurationIsVisible = 0;
			defaultConfigurationName = Release;
		};
/* End XCConfigurationList section */
	};
	rootObject = 1819BF75276D43A000F58B81 /* Project object */;
}
